// !$*UTF8*$!
{
	archiveVersion = 1;
	classes = {
	};
	objectVersion = 45;
	objects = {

/* Begin PBXBuildFile section */
		7604C0ED0DB3AF7000BBF615 /* NLXKrb.m in Sources */ = {isa = PBXBuildFile; fileRef = 7604C0EC0DB3AF7000BBF615 /* NLXKrb.m */; };
		7621B1840E74842C00F62533 /* Adium.framework in Frameworks */ = {isa = PBXBuildFile; fileRef = 7621B1810E74842C00F62533 /* Adium.framework */; };
		7621B1850E74842C00F62533 /* AIUtilities.framework in Frameworks */ = {isa = PBXBuildFile; fileRef = 7621B1820E74842C00F62533 /* AIUtilities.framework */; };
		7621B1860E74842C00F62533 /* FriBidi.framework in Frameworks */ = {isa = PBXBuildFile; fileRef = 7621B1830E74842C00F62533 /* FriBidi.framework */; };
		764923B40DC21B2400CB3554 /* NSData+Base64.m in Sources */ = {isa = PBXBuildFile; fileRef = 764923B30DC21B2400CB3554 /* NSData+Base64.m */; };
		767B6B230DAF99A900A3A6FC /* NSPMessages.m in Sources */ = {isa = PBXBuildFile; fileRef = 767B6B220DAF99A900A3A6FC /* NSPMessages.m */; };
		767D7BD00DAFECFA0073C4C0 /* NSPCUtilities.c in Sources */ = {isa = PBXBuildFile; fileRef = 767D7B920DAFE4590073C4C0 /* NSPCUtilities.c */; };
		767D7DAA0DAFF5EA0073C4C0 /* AppKit.framework in Frameworks */ = {isa = PBXBuildFile; fileRef = 767D7D880DAFF35B0073C4C0 /* AppKit.framework */; };
		767D7DD60DB0274C0073C4C0 /* netsoullargeicon.tif in Resources */ = {isa = PBXBuildFile; fileRef = 767D7DD40DB0274C0073C4C0 /* netsoullargeicon.tif */; };
		767D7DD70DB0274C0073C4C0 /* netsoulmediumicon.tif in Resources */ = {isa = PBXBuildFile; fileRef = 767D7DD50DB0274C0073C4C0 /* netsoulmediumicon.tif */; };
		76974BCB0DB9897700CAF3FE /* ASIAccountView.xib in Resources */ = {isa = PBXBuildFile; fileRef = 76974BCA0DB9897700CAF3FE /* ASIAccountView.xib */; };
		76974BD10DB98B0A00CAF3FE /* ASIAccountView.m in Sources */ = {isa = PBXBuildFile; fileRef = 76974BD00DB98B0A00CAF3FE /* ASIAccountView.m */; };
		76C2935C0DBACC7800C0058E /* ASILocation.xib in Resources */ = {isa = PBXBuildFile; fileRef = 76C2935B0DBACC7800C0058E /* ASILocation.xib */; };
		76C293600DBACC8500C0058E /* ASILocation.m in Sources */ = {isa = PBXBuildFile; fileRef = 76C2935F0DBACC8500C0058E /* ASILocation.m */; };
		76F00A980DB0FF15000933F4 /* ASAccount.m in Sources */ = {isa = PBXBuildFile; fileRef = 76F00A970DB0FF15000933F4 /* ASAccount.m */; };
		76F00E160DB26F05000933F4 /* ASContactList.m in Sources */ = {isa = PBXBuildFile; fileRef = 76F00E150DB26F05000933F4 /* ASContactList.m */; };
		76F00E4F0DB2878B000933F4 /* ASContact.m in Sources */ = {isa = PBXBuildFile; fileRef = 76F00E4E0DB2878B000933F4 /* ASContact.m */; };
		76F0132F0DB39715000933F4 /* kerberos.lib.m in Sources */ = {isa = PBXBuildFile; fileRef = 76F0132E0DB39715000933F4 /* kerberos.lib.m */; };
		76F6FA8F0DABC3BD0058FB66 /* Kerberos.framework in Frameworks */ = {isa = PBXBuildFile; fileRef = 76F6FA8E0DABC3BD0058FB66 /* Kerberos.framework */; };
		76F6FAB20DABC5FC0058FB66 /* ASPlugin.m in Sources */ = {isa = PBXBuildFile; fileRef = 76F6FAB10DABC5FC0058FB66 /* ASPlugin.m */; };
		76F6FAE00DABCC730058FB66 /* ASService.m in Sources */ = {isa = PBXBuildFile; fileRef = 76F6FADF0DABCC730058FB66 /* ASService.m */; };
		76F6FC1F0DAC2EF10058FB66 /* NSPAdiumsoul.m in Sources */ = {isa = PBXBuildFile; fileRef = 76F6FC1E0DAC2EF10058FB66 /* NSPAdiumsoul.m */; };
		76FE7D4A104CD74C0067EBC0 /* ASKrbConfinstallController.m in Sources */ = {isa = PBXBuildFile; fileRef = 76FE7D49104CD74C0067EBC0 /* ASKrbConfinstallController.m */; };
		76FE7DBF104CE4440067EBC0 /* SaveNewProfile.c in Sources */ = {isa = PBXBuildFile; fileRef = 76FE7DBE104CE4440067EBC0 /* SaveNewProfile.c */; };
		76FE7DC2104CE45B0067EBC0 /* UNIXReadWrite.c in Sources */ = {isa = PBXBuildFile; fileRef = 76FE7DC1104CE45B0067EBC0 /* UNIXReadWrite.c */; };
		76FE7DC7104CE48C0067EBC0 /* RealmsConfiguration.m in Sources */ = {isa = PBXBuildFile; fileRef = 76FE7DC6104CE48C0067EBC0 /* RealmsConfiguration.m */; };
		76FE7DD2104CE4B50067EBC0 /* Kerberos.framework in Frameworks */ = {isa = PBXBuildFile; fileRef = 76F6FA8E0DABC3BD0058FB66 /* Kerberos.framework */; };
		76FE7DD4104CE4C20067EBC0 /* CoreFoundation.framework in Frameworks */ = {isa = PBXBuildFile; fileRef = 76FE7DD3104CE4C20067EBC0 /* CoreFoundation.framework */; };
		76FE7DE2104CE5180067EBC0 /* Security.framework in Frameworks */ = {isa = PBXBuildFile; fileRef = 76FE7DE1104CE5180067EBC0 /* Security.framework */; };
		76FE7ED0104CF0560067EBC0 /* UNIXReadWrite.c in Sources */ = {isa = PBXBuildFile; fileRef = 76FE7DC1104CE45B0067EBC0 /* UNIXReadWrite.c */; };
		76FE7EDA104CF1280067EBC0 /* save_new_profile in Resources */ = {isa = PBXBuildFile; fileRef = 76FE7DB9104CE4190067EBC0 /* save_new_profile */; };
		8D5B49B0048680CD000E48DA /* InfoPlist.strings in Resources */ = {isa = PBXBuildFile; fileRef = 089C167DFE841241C02AAC07 /* InfoPlist.strings */; };
		8D5B49B4048680CD000E48DA /* Cocoa.framework in Frameworks */ = {isa = PBXBuildFile; fileRef = 1058C7ADFEA557BF11CA2CBB /* Cocoa.framework */; };
/* End PBXBuildFile section */

/* Begin PBXContainerItemProxy section */
		76FE7DD7104CE4E60067EBC0 /* PBXContainerItemProxy */ = {
			isa = PBXContainerItemProxy;
			containerPortal = 089C1669FE841209C02AAC07 /* Project object */;
			proxyType = 1;
			remoteGlobalIDString = 76FE7DB8104CE4190067EBC0;
			remoteInfo = save_new_profile;
		};
/* End PBXContainerItemProxy section */

/* Begin PBXCopyFilesBuildPhase section */
		76F013460DB39974000933F4 /* CopyFiles */ = {
			isa = PBXCopyFilesBuildPhase;
			buildActionMask = 2147483647;
			dstPath = "";
			dstSubfolderSpec = 10;
			files = (
			);
			runOnlyForDeploymentPostprocessing = 0;
		};
/* End PBXCopyFilesBuildPhase section */

/* Begin PBXFileReference section */
		089C1672FE841209C02AAC07 /* Foundation.framework */ = {isa = PBXFileReference; lastKnownFileType = wrapper.framework; name = Foundation.framework; path = /System/Library/Frameworks/Foundation.framework; sourceTree = "<absolute>"; };
		089C167EFE841241C02AAC07 /* English */ = {isa = PBXFileReference; fileEncoding = 10; lastKnownFileType = text.plist.strings; name = English; path = English.lproj/InfoPlist.strings; sourceTree = "<group>"; };
		1058C7ADFEA557BF11CA2CBB /* Cocoa.framework */ = {isa = PBXFileReference; lastKnownFileType = wrapper.framework; name = Cocoa.framework; path = /System/Library/Frameworks/Cocoa.framework; sourceTree = "<absolute>"; };
		32DBCF630370AF2F00C91783 /* AdiumSoul_Prefix.pch */ = {isa = PBXFileReference; fileEncoding = 4; lastKnownFileType = sourcecode.c.h; path = AdiumSoul_Prefix.pch; sourceTree = "<group>"; };
		7604C0EB0DB3AF7000BBF615 /* NLXKrb.h */ = {isa = PBXFileReference; fileEncoding = 4; lastKnownFileType = sourcecode.c.h; path = NLXKrb.h; sourceTree = "<group>"; };
		7604C0EC0DB3AF7000BBF615 /* NLXKrb.m */ = {isa = PBXFileReference; fileEncoding = 4; lastKnownFileType = sourcecode.c.objc; path = NLXKrb.m; sourceTree = "<group>"; };
		7621B1810E74842C00F62533 /* Adium.framework */ = {isa = PBXFileReference; lastKnownFileType = wrapper.framework; name = Adium.framework; path = Frameworks/Adium.framework; sourceTree = "<group>"; };
		7621B1820E74842C00F62533 /* AIUtilities.framework */ = {isa = PBXFileReference; lastKnownFileType = wrapper.framework; name = AIUtilities.framework; path = Frameworks/AIUtilities.framework; sourceTree = "<group>"; };
		7621B1830E74842C00F62533 /* FriBidi.framework */ = {isa = PBXFileReference; lastKnownFileType = wrapper.framework; name = FriBidi.framework; path = Frameworks/FriBidi.framework; sourceTree = "<group>"; };
		764923B20DC21B2400CB3554 /* NSData+Base64.h */ = {isa = PBXFileReference; fileEncoding = 4; lastKnownFileType = sourcecode.c.h; path = "NSData+Base64.h"; sourceTree = "<group>"; };
		764923B30DC21B2400CB3554 /* NSData+Base64.m */ = {isa = PBXFileReference; fileEncoding = 4; lastKnownFileType = sourcecode.c.objc; path = "NSData+Base64.m"; sourceTree = "<group>"; };
		764923B50DC21B7400CB3554 /* NSString+Base64.h */ = {isa = PBXFileReference; fileEncoding = 4; lastKnownFileType = sourcecode.c.h; path = "NSString+Base64.h"; sourceTree = "<group>"; };
		764923B60DC21B7400CB3554 /* NSString+Base64.m */ = {isa = PBXFileReference; fileEncoding = 4; lastKnownFileType = sourcecode.c.objc; path = "NSString+Base64.m"; sourceTree = "<group>"; };
		767B6B210DAF99A900A3A6FC /* NSPMessages.h */ = {isa = PBXFileReference; fileEncoding = 4; lastKnownFileType = sourcecode.c.h; path = NSPMessages.h; sourceTree = "<group>"; };
		767B6B220DAF99A900A3A6FC /* NSPMessages.m */ = {isa = PBXFileReference; fileEncoding = 4; lastKnownFileType = sourcecode.c.objc; path = NSPMessages.m; sourceTree = "<group>"; };
		767D7B910DAFE4590073C4C0 /* NSPCUtilities.h */ = {isa = PBXFileReference; fileEncoding = 4; lastKnownFileType = sourcecode.c.h; path = NSPCUtilities.h; sourceTree = "<group>"; };
		767D7B920DAFE4590073C4C0 /* NSPCUtilities.c */ = {isa = PBXFileReference; explicitFileType = sourcecode.c.c; fileEncoding = 4; includeInIndex = 1; path = NSPCUtilities.c; sourceTree = "<group>"; };
		767D7D880DAFF35B0073C4C0 /* AppKit.framework */ = {isa = PBXFileReference; lastKnownFileType = wrapper.framework; name = AppKit.framework; path = /System/Library/Frameworks/AppKit.framework; sourceTree = "<absolute>"; };
		767D7DD40DB0274C0073C4C0 /* netsoullargeicon.tif */ = {isa = PBXFileReference; lastKnownFileType = image.tiff; name = netsoullargeicon.tif; path = Images/netsoullargeicon.tif; sourceTree = SOURCE_ROOT; };
		767D7DD50DB0274C0073C4C0 /* netsoulmediumicon.tif */ = {isa = PBXFileReference; lastKnownFileType = image.tiff; name = netsoulmediumicon.tif; path = Images/netsoulmediumicon.tif; sourceTree = SOURCE_ROOT; };
		76974BCA0DB9897700CAF3FE /* ASIAccountView.xib */ = {isa = PBXFileReference; lastKnownFileType = file.xib; path = ASIAccountView.xib; sourceTree = "<group>"; };
		76974BCF0DB98B0A00CAF3FE /* ASIAccountView.h */ = {isa = PBXFileReference; fileEncoding = 4; lastKnownFileType = sourcecode.c.h; path = ASIAccountView.h; sourceTree = "<group>"; };
		76974BD00DB98B0A00CAF3FE /* ASIAccountView.m */ = {isa = PBXFileReference; fileEncoding = 4; lastKnownFileType = sourcecode.c.objc; path = ASIAccountView.m; sourceTree = "<group>"; };
		76C2935B0DBACC7800C0058E /* ASILocation.xib */ = {isa = PBXFileReference; lastKnownFileType = file.xib; path = ASILocation.xib; sourceTree = "<group>"; };
		76C2935E0DBACC8500C0058E /* ASILocation.h */ = {isa = PBXFileReference; fileEncoding = 4; lastKnownFileType = sourcecode.c.h; path = ASILocation.h; sourceTree = "<group>"; };
		76C2935F0DBACC8500C0058E /* ASILocation.m */ = {isa = PBXFileReference; fileEncoding = 4; lastKnownFileType = sourcecode.c.objc; path = ASILocation.m; sourceTree = "<group>"; };
		76C66D730DD739AD00330AAF /* ASISendFile.xib */ = {isa = PBXFileReference; lastKnownFileType = file.xib; path = ASISendFile.xib; sourceTree = "<group>"; };
		76C66DB40DD7449400330AAF /* ASISendFile.h */ = {isa = PBXFileReference; fileEncoding = 4; lastKnownFileType = sourcecode.c.h; path = ASISendFile.h; sourceTree = "<group>"; };
		76C66DB50DD7449400330AAF /* ASISendFile.m */ = {isa = PBXFileReference; fileEncoding = 4; lastKnownFileType = sourcecode.c.objc; path = ASISendFile.m; sourceTree = "<group>"; };
		76CB59E20DE619DC00DF379E /* ASTransferManager.h */ = {isa = PBXFileReference; fileEncoding = 4; lastKnownFileType = sourcecode.c.h; path = ASTransferManager.h; sourceTree = "<group>"; };
		76CB59E30DE619DC00DF379E /* ASTransferManager.m */ = {isa = PBXFileReference; fileEncoding = 4; lastKnownFileType = sourcecode.c.objc; path = ASTransferManager.m; sourceTree = "<group>"; };
		76CB59EC0DE61FBB00DF379E /* ASIncomingTransfer.h */ = {isa = PBXFileReference; fileEncoding = 4; lastKnownFileType = sourcecode.c.h; path = ASIncomingTransfer.h; sourceTree = "<group>"; };
		76CB59ED0DE61FBB00DF379E /* ASIncomingTransfer.m */ = {isa = PBXFileReference; fileEncoding = 4; lastKnownFileType = sourcecode.c.objc; path = ASIncomingTransfer.m; sourceTree = "<group>"; };
		76CB59EF0DE61FCC00DF379E /* ASOutgoingTransfer.h */ = {isa = PBXFileReference; fileEncoding = 4; lastKnownFileType = sourcecode.c.h; path = ASOutgoingTransfer.h; sourceTree = "<group>"; };
		76CB59F00DE61FCC00DF379E /* ASOutgoingTransfer.m */ = {isa = PBXFileReference; fileEncoding = 4; lastKnownFileType = sourcecode.c.objc; path = ASOutgoingTransfer.m; sourceTree = "<group>"; };
		76F00A970DB0FF15000933F4 /* ASAccount.m */ = {isa = PBXFileReference; fileEncoding = 4; lastKnownFileType = sourcecode.c.objc; path = ASAccount.m; sourceTree = "<group>"; };
		76F00E150DB26F05000933F4 /* ASContactList.m */ = {isa = PBXFileReference; fileEncoding = 4; lastKnownFileType = sourcecode.c.objc; path = ASContactList.m; sourceTree = "<group>"; };
		76F00E4D0DB2878B000933F4 /* ASContact.h */ = {isa = PBXFileReference; fileEncoding = 4; lastKnownFileType = sourcecode.c.h; path = ASContact.h; sourceTree = "<group>"; };
		76F00E4E0DB2878B000933F4 /* ASContact.m */ = {isa = PBXFileReference; fileEncoding = 4; lastKnownFileType = sourcecode.c.objc; path = ASContact.m; sourceTree = "<group>"; };
		76F0132D0DB39715000933F4 /* kerberos.lib.h */ = {isa = PBXFileReference; fileEncoding = 4; lastKnownFileType = sourcecode.c.h; path = kerberos.lib.h; sourceTree = "<group>"; };
		76F0132E0DB39715000933F4 /* kerberos.lib.m */ = {isa = PBXFileReference; fileEncoding = 4; lastKnownFileType = sourcecode.c.objc; path = kerberos.lib.m; sourceTree = "<group>"; };
		76F6FA8E0DABC3BD0058FB66 /* Kerberos.framework */ = {isa = PBXFileReference; lastKnownFileType = wrapper.framework; name = Kerberos.framework; path = /System/Library/Frameworks/Kerberos.framework; sourceTree = "<absolute>"; };
		76F6FAB00DABC5FC0058FB66 /* ASPlugin.h */ = {isa = PBXFileReference; fileEncoding = 4; lastKnownFileType = sourcecode.c.h; path = ASPlugin.h; sourceTree = "<group>"; };
		76F6FAB10DABC5FC0058FB66 /* ASPlugin.m */ = {isa = PBXFileReference; fileEncoding = 4; lastKnownFileType = sourcecode.c.objc; path = ASPlugin.m; sourceTree = "<group>"; };
		76F6FADE0DABCC730058FB66 /* ASService.h */ = {isa = PBXFileReference; fileEncoding = 4; lastKnownFileType = sourcecode.c.h; path = ASService.h; sourceTree = "<group>"; };
		76F6FADF0DABCC730058FB66 /* ASService.m */ = {isa = PBXFileReference; fileEncoding = 4; lastKnownFileType = sourcecode.c.objc; path = ASService.m; sourceTree = "<group>"; };
		76F6FB550DABD6640058FB66 /* ASAccount.h */ = {isa = PBXFileReference; fileEncoding = 4; lastKnownFileType = sourcecode.c.h; path = ASAccount.h; sourceTree = "<group>"; };
		76F6FC1D0DAC2EF10058FB66 /* NSPAdiumsoul.h */ = {isa = PBXFileReference; fileEncoding = 4; lastKnownFileType = sourcecode.c.h; path = NSPAdiumsoul.h; sourceTree = "<group>"; };
		76F6FC1E0DAC2EF10058FB66 /* NSPAdiumsoul.m */ = {isa = PBXFileReference; fileEncoding = 4; lastKnownFileType = sourcecode.c.objc; path = NSPAdiumsoul.m; sourceTree = "<group>"; };
		76FE7D48104CD74C0067EBC0 /* ASKrbConfinstallController.h */ = {isa = PBXFileReference; fileEncoding = 4; lastKnownFileType = sourcecode.c.h; path = ASKrbConfinstallController.h; sourceTree = "<group>"; };
		76FE7D49104CD74C0067EBC0 /* ASKrbConfinstallController.m */ = {isa = PBXFileReference; fileEncoding = 4; lastKnownFileType = sourcecode.c.objc; path = ASKrbConfinstallController.m; sourceTree = "<group>"; };
		76FE7DB9104CE4190067EBC0 /* save_new_profile */ = {isa = PBXFileReference; explicitFileType = "compiled.mach-o.executable"; includeInIndex = 0; path = save_new_profile; sourceTree = BUILT_PRODUCTS_DIR; };
		76FE7DBE104CE4440067EBC0 /* SaveNewProfile.c */ = {isa = PBXFileReference; fileEncoding = 4; lastKnownFileType = sourcecode.c.c; path = SaveNewProfile.c; sourceTree = "<group>"; };
		76FE7DC0104CE45B0067EBC0 /* UNIXReadWrite.h */ = {isa = PBXFileReference; fileEncoding = 4; lastKnownFileType = sourcecode.c.h; path = UNIXReadWrite.h; sourceTree = "<group>"; };
		76FE7DC1104CE45B0067EBC0 /* UNIXReadWrite.c */ = {isa = PBXFileReference; fileEncoding = 4; lastKnownFileType = sourcecode.c.c; path = UNIXReadWrite.c; sourceTree = "<group>"; };
		76FE7DC5104CE48C0067EBC0 /* RealmsConfiguration.h */ = {isa = PBXFileReference; fileEncoding = 4; lastKnownFileType = sourcecode.c.h; path = RealmsConfiguration.h; sourceTree = "<group>"; };
		76FE7DC6104CE48C0067EBC0 /* RealmsConfiguration.m */ = {isa = PBXFileReference; fileEncoding = 4; lastKnownFileType = sourcecode.c.objc; path = RealmsConfiguration.m; sourceTree = "<group>"; };
		76FE7DD3104CE4C20067EBC0 /* CoreFoundation.framework */ = {isa = PBXFileReference; lastKnownFileType = wrapper.framework; name = CoreFoundation.framework; path = /System/Library/Frameworks/CoreFoundation.framework; sourceTree = "<absolute>"; };
		76FE7DE1104CE5180067EBC0 /* Security.framework */ = {isa = PBXFileReference; lastKnownFileType = wrapper.framework; name = Security.framework; path = /System/Library/Frameworks/Security.framework; sourceTree = "<absolute>"; };
		76FE7EFD104CF7C30067EBC0 /* ASContactList.h */ = {isa = PBXFileReference; fileEncoding = 4; lastKnownFileType = sourcecode.c.h; path = ASContactList.h; sourceTree = "<group>"; };
		8D5B49B6048680CD000E48DA /* AdiumSoul.AdiumPlugin */ = {isa = PBXFileReference; explicitFileType = wrapper.cfbundle; includeInIndex = 0; path = AdiumSoul.AdiumPlugin; sourceTree = BUILT_PRODUCTS_DIR; };
		8D5B49B7048680CD000E48DA /* Info.plist */ = {isa = PBXFileReference; fileEncoding = 4; lastKnownFileType = text.plist.xml; path = Info.plist; sourceTree = "<group>"; };
		D2F7E65807B2D6F200F64583 /* CoreData.framework */ = {isa = PBXFileReference; lastKnownFileType = wrapper.framework; name = CoreData.framework; path = /System/Library/Frameworks/CoreData.framework; sourceTree = "<absolute>"; };
/* End PBXFileReference section */

/* Begin PBXFrameworksBuildPhase section */
		76FE7DB7104CE4190067EBC0 /* Frameworks */ = {
			isa = PBXFrameworksBuildPhase;
			buildActionMask = 2147483647;
			files = (
				76FE7DD2104CE4B50067EBC0 /* Kerberos.framework in Frameworks */,
				76FE7DD4104CE4C20067EBC0 /* CoreFoundation.framework in Frameworks */,
			);
			runOnlyForDeploymentPostprocessing = 0;
		};
		8D5B49B3048680CD000E48DA /* Frameworks */ = {
			isa = PBXFrameworksBuildPhase;
			buildActionMask = 2147483647;
			files = (
				767D7DAA0DAFF5EA0073C4C0 /* AppKit.framework in Frameworks */,
				8D5B49B4048680CD000E48DA /* Cocoa.framework in Frameworks */,
				76F6FA8F0DABC3BD0058FB66 /* Kerberos.framework in Frameworks */,
				7621B1840E74842C00F62533 /* Adium.framework in Frameworks */,
				7621B1850E74842C00F62533 /* AIUtilities.framework in Frameworks */,
				7621B1860E74842C00F62533 /* FriBidi.framework in Frameworks */,
				76FE7DE2104CE5180067EBC0 /* Security.framework in Frameworks */,
			);
			runOnlyForDeploymentPostprocessing = 0;
		};
/* End PBXFrameworksBuildPhase section */

/* Begin PBXGroup section */
		089C166AFE841209C02AAC07 /* AdiumSoul */ = {
			isa = PBXGroup;
			children = (
				08FB77AFFE84173DC02AAC07 /* Classes */,
				32C88E010371C26100C91783 /* Other Sources */,
				089C167CFE841241C02AAC07 /* Resources */,
				089C1671FE841209C02AAC07 /* Frameworks and Libraries */,
				19C28FB8FE9D52D311CA2CBB /* Products */,
			);
			name = AdiumSoul;
			sourceTree = "<group>";
		};
		089C1671FE841209C02AAC07 /* Frameworks and Libraries */ = {
			isa = PBXGroup;
			children = (
				1058C7ACFEA557BF11CA2CBB /* Linked Frameworks */,
				1058C7AEFEA557BF11CA2CBB /* Other Frameworks */,
			);
			name = "Frameworks and Libraries";
			sourceTree = "<group>";
		};
		089C167CFE841241C02AAC07 /* Resources */ = {
			isa = PBXGroup;
			children = (
				767D7DD30DB0274C0073C4C0 /* Images */,
				8D5B49B7048680CD000E48DA /* Info.plist */,
				089C167DFE841241C02AAC07 /* InfoPlist.strings */,
			);
			name = Resources;
			sourceTree = "<group>";
		};
		08FB77AFFE84173DC02AAC07 /* Classes */ = {
			isa = PBXGroup;
			children = (
				76F6FBD10DABED320058FB66 /* Netsoul Protocol */,
				76F00E120DB26ED6000933F4 /* Contacts */,
				76F6FB550DABD6640058FB66 /* ASAccount.h */,
				76F00A970DB0FF15000933F4 /* ASAccount.m */,
				76F6FAB00DABC5FC0058FB66 /* ASPlugin.h */,
				76F6FAB10DABC5FC0058FB66 /* ASPlugin.m */,
				76F6FADE0DABCC730058FB66 /* ASService.h */,
				76F6FADF0DABCC730058FB66 /* ASService.m */,
				76CB59E00DE6199800DF379E /* Transfers */,
				76F013290DB396B7000933F4 /* Kerberos Related */,
				76974BB70DB9885200CAF3FE /* Interface */,
			);
			name = Classes;
			sourceTree = "<group>";
		};
		1058C7ACFEA557BF11CA2CBB /* Linked Frameworks */ = {
			isa = PBXGroup;
			children = (
				76F6FA8E0DABC3BD0058FB66 /* Kerberos.framework */,
				1058C7ADFEA557BF11CA2CBB /* Cocoa.framework */,
			);
			name = "Linked Frameworks";
			sourceTree = "<group>";
		};
		1058C7AEFEA557BF11CA2CBB /* Other Frameworks */ = {
			isa = PBXGroup;
			children = (
				76FE7DE1104CE5180067EBC0 /* Security.framework */,
				7621B1810E74842C00F62533 /* Adium.framework */,
				7621B1820E74842C00F62533 /* AIUtilities.framework */,
				7621B1830E74842C00F62533 /* FriBidi.framework */,
				767D7D880DAFF35B0073C4C0 /* AppKit.framework */,
				D2F7E65807B2D6F200F64583 /* CoreData.framework */,
				089C1672FE841209C02AAC07 /* Foundation.framework */,
				76FE7DD3104CE4C20067EBC0 /* CoreFoundation.framework */,
			);
			name = "Other Frameworks";
			sourceTree = "<group>";
		};
		19C28FB8FE9D52D311CA2CBB /* Products */ = {
			isa = PBXGroup;
			children = (
				76FE7DB9104CE4190067EBC0 /* save_new_profile */,
				8D5B49B6048680CD000E48DA /* AdiumSoul.AdiumPlugin */,
			);
			name = Products;
			sourceTree = "<group>";
		};
		32C88E010371C26100C91783 /* Other Sources */ = {
			isa = PBXGroup;
			children = (
				32DBCF630370AF2F00C91783 /* AdiumSoul_Prefix.pch */,
				764923B20DC21B2400CB3554 /* NSData+Base64.h */,
				764923B30DC21B2400CB3554 /* NSData+Base64.m */,
				764923B50DC21B7400CB3554 /* NSString+Base64.h */,
				764923B60DC21B7400CB3554 /* NSString+Base64.m */,
			);
			name = "Other Sources";
			sourceTree = "<group>";
		};
		767D7DD30DB0274C0073C4C0 /* Images */ = {
			isa = PBXGroup;
			children = (
				767D7DD40DB0274C0073C4C0 /* netsoullargeicon.tif */,
				767D7DD50DB0274C0073C4C0 /* netsoulmediumicon.tif */,
			);
			path = Images;
			sourceTree = SOURCE_ROOT;
		};
		76974BB70DB9885200CAF3FE /* Interface */ = {
			isa = PBXGroup;
			children = (
				76974BCA0DB9897700CAF3FE /* ASIAccountView.xib */,
				76974BCF0DB98B0A00CAF3FE /* ASIAccountView.h */,
				76974BD00DB98B0A00CAF3FE /* ASIAccountView.m */,
				76C2935B0DBACC7800C0058E /* ASILocation.xib */,
				76C2935E0DBACC8500C0058E /* ASILocation.h */,
				76C2935F0DBACC8500C0058E /* ASILocation.m */,
				76C66D730DD739AD00330AAF /* ASISendFile.xib */,
				76C66DB40DD7449400330AAF /* ASISendFile.h */,
				76C66DB50DD7449400330AAF /* ASISendFile.m */,
			);
			name = Interface;
			sourceTree = "<group>";
		};
		76CB59E00DE6199800DF379E /* Transfers */ = {
			isa = PBXGroup;
			children = (
				76CB59E20DE619DC00DF379E /* ASTransferManager.h */,
				76CB59E30DE619DC00DF379E /* ASTransferManager.m */,
				76CB59EC0DE61FBB00DF379E /* ASIncomingTransfer.h */,
				76CB59ED0DE61FBB00DF379E /* ASIncomingTransfer.m */,
				76CB59EF0DE61FCC00DF379E /* ASOutgoingTransfer.h */,
				76CB59F00DE61FCC00DF379E /* ASOutgoingTransfer.m */,
			);
			name = Transfers;
			sourceTree = "<group>";
		};
		76F00E120DB26ED6000933F4 /* Contacts */ = {
			isa = PBXGroup;
			children = (
				76FE7EFD104CF7C30067EBC0 /* ASContactList.h */,
				76F00E150DB26F05000933F4 /* ASContactList.m */,
				76F00E4D0DB2878B000933F4 /* ASContact.h */,
				76F00E4E0DB2878B000933F4 /* ASContact.m */,
			);
			name = Contacts;
			sourceTree = "<group>";
		};
		76F013290DB396B7000933F4 /* Kerberos Related */ = {
			isa = PBXGroup;
			children = (
				76FE7DC3104CE45D0067EBC0 /* Command Line Helper */,
				76F0132D0DB39715000933F4 /* kerberos.lib.h */,
				76F0132E0DB39715000933F4 /* kerberos.lib.m */,
				76FE7DC5104CE48C0067EBC0 /* RealmsConfiguration.h */,
				76FE7DC6104CE48C0067EBC0 /* RealmsConfiguration.m */,
				76FE7D48104CD74C0067EBC0 /* ASKrbConfinstallController.h */,
				76FE7D49104CD74C0067EBC0 /* ASKrbConfinstallController.m */,
				76FE7DC4104CE4720067EBC0 /* Unused */,
			);
			name = "Kerberos Related";
			sourceTree = "<group>";
		};
		76F6FBD10DABED320058FB66 /* Netsoul Protocol */ = {
			isa = PBXGroup;
			children = (
				76F6FC1D0DAC2EF10058FB66 /* NSPAdiumsoul.h */,
				76F6FC1E0DAC2EF10058FB66 /* NSPAdiumsoul.m */,
				767B6B210DAF99A900A3A6FC /* NSPMessages.h */,
				767B6B220DAF99A900A3A6FC /* NSPMessages.m */,
				767D7B910DAFE4590073C4C0 /* NSPCUtilities.h */,
				767D7B920DAFE4590073C4C0 /* NSPCUtilities.c */,
			);
			name = "Netsoul Protocol";
			sourceTree = "<group>";
		};
		76FE7DC3104CE45D0067EBC0 /* Command Line Helper */ = {
			isa = PBXGroup;
			children = (
				76FE7DBE104CE4440067EBC0 /* SaveNewProfile.c */,
				76FE7DC0104CE45B0067EBC0 /* UNIXReadWrite.h */,
				76FE7DC1104CE45B0067EBC0 /* UNIXReadWrite.c */,
			);
			name = "Command Line Helper";
			sourceTree = "<group>";
		};
		76FE7DC4104CE4720067EBC0 /* Unused */ = {
			isa = PBXGroup;
			children = (
				7604C0EB0DB3AF7000BBF615 /* NLXKrb.h */,
				7604C0EC0DB3AF7000BBF615 /* NLXKrb.m */,
			);
			name = Unused;
			sourceTree = "<group>";
		};
/* End PBXGroup section */

/* Begin PBXNativeTarget section */
		76FE7DB8104CE4190067EBC0 /* save_new_profile */ = {
			isa = PBXNativeTarget;
			buildConfigurationList = 76FE7DBD104CE4380067EBC0 /* Build configuration list for PBXNativeTarget "save_new_profile" */;
			buildPhases = (
				76FE7DB6104CE4190067EBC0 /* Sources */,
				76FE7DB7104CE4190067EBC0 /* Frameworks */,
			);
			buildRules = (
			);
			dependencies = (
			);
			name = save_new_profile;
			productName = save_new_profile;
			productReference = 76FE7DB9104CE4190067EBC0 /* save_new_profile */;
			productType = "com.apple.product-type.tool";
		};
		8D5B49AC048680CD000E48DA /* AdiumSoul */ = {
			isa = PBXNativeTarget;
			buildConfigurationList = 1DEB913A08733D840010E9CD /* Build configuration list for PBXNativeTarget "AdiumSoul" */;
			buildPhases = (
				8D5B49AF048680CD000E48DA /* Resources */,
				8D5B49B1048680CD000E48DA /* Sources */,
				8D5B49B3048680CD000E48DA /* Frameworks */,
				767B65B30DAF7A2A00A3A6FC /* ShellScript */,
				76F013460DB39974000933F4 /* CopyFiles */,
			);
			buildRules = (
			);
			dependencies = (
				76FE7DD8104CE4E60067EBC0 /* PBXTargetDependency */,
			);
			name = AdiumSoul;
			productInstallPath = "$(HOME)/Library/Bundles";
			productName = AdiumSoul;
			productReference = 8D5B49B6048680CD000E48DA /* AdiumSoul.AdiumPlugin */;
			productType = "com.apple.product-type.bundle";
		};
/* End PBXNativeTarget section */

/* Begin PBXProject section */
		089C1669FE841209C02AAC07 /* Project object */ = {
			isa = PBXProject;
			attributes = {
				BuildIndependentTargetsInParallel = NO;
			};
			buildConfigurationList = 1DEB913E08733D840010E9CD /* Build configuration list for PBXProject "AdiumSoul" */;
			compatibilityVersion = "Xcode 3.1";
			hasScannedForEncodings = 1;
			mainGroup = 089C166AFE841209C02AAC07 /* AdiumSoul */;
			projectDirPath = "";
			projectRoot = "";
			targets = (
				8D5B49AC048680CD000E48DA /* AdiumSoul */,
				76FE7DB8104CE4190067EBC0 /* save_new_profile */,
			);
		};
/* End PBXProject section */

/* Begin PBXResourcesBuildPhase section */
		8D5B49AF048680CD000E48DA /* Resources */ = {
			isa = PBXResourcesBuildPhase;
			buildActionMask = 2147483647;
			files = (
				76FE7EDA104CF1280067EBC0 /* save_new_profile in Resources */,
				8D5B49B0048680CD000E48DA /* InfoPlist.strings in Resources */,
				767D7DD60DB0274C0073C4C0 /* netsoullargeicon.tif in Resources */,
				767D7DD70DB0274C0073C4C0 /* netsoulmediumicon.tif in Resources */,
				76974BCB0DB9897700CAF3FE /* ASIAccountView.xib in Resources */,
				76C2935C0DBACC7800C0058E /* ASILocation.xib in Resources */,
			);
			runOnlyForDeploymentPostprocessing = 0;
		};
/* End PBXResourcesBuildPhase section */

/* Begin PBXShellScriptBuildPhase section */
		767B65B30DAF7A2A00A3A6FC /* ShellScript */ = {
			isa = PBXShellScriptBuildPhase;
			buildActionMask = 2147483647;
			files = (
			);
			inputPaths = (
			);
			outputPaths = (
			);
			runOnlyForDeploymentPostprocessing = 0;
			shellPath = /bin/sh;
			shellScript = "";
		};
/* End PBXShellScriptBuildPhase section */

/* Begin PBXSourcesBuildPhase section */
		76FE7DB6104CE4190067EBC0 /* Sources */ = {
			isa = PBXSourcesBuildPhase;
			buildActionMask = 2147483647;
			files = (
				76FE7DBF104CE4440067EBC0 /* SaveNewProfile.c in Sources */,
				76FE7DC2104CE45B0067EBC0 /* UNIXReadWrite.c in Sources */,
			);
			runOnlyForDeploymentPostprocessing = 0;
		};
		8D5B49B1048680CD000E48DA /* Sources */ = {
			isa = PBXSourcesBuildPhase;
			buildActionMask = 2147483647;
			files = (
				76F6FAB20DABC5FC0058FB66 /* ASPlugin.m in Sources */,
				76F6FAE00DABCC730058FB66 /* ASService.m in Sources */,
				76F6FC1F0DAC2EF10058FB66 /* NSPAdiumsoul.m in Sources */,
				767B6B230DAF99A900A3A6FC /* NSPMessages.m in Sources */,
				767D7BD00DAFECFA0073C4C0 /* NSPCUtilities.c in Sources */,
				76F00A980DB0FF15000933F4 /* ASAccount.m in Sources */,
				76F00E160DB26F05000933F4 /* ASContactList.m in Sources */,
				76F00E4F0DB2878B000933F4 /* ASContact.m in Sources */,
				76F0132F0DB39715000933F4 /* kerberos.lib.m in Sources */,
				7604C0ED0DB3AF7000BBF615 /* NLXKrb.m in Sources */,
				76974BD10DB98B0A00CAF3FE /* ASIAccountView.m in Sources */,
				76C293600DBACC8500C0058E /* ASILocation.m in Sources */,
				764923B40DC21B2400CB3554 /* NSData+Base64.m in Sources */,
				76FE7D4A104CD74C0067EBC0 /* ASKrbConfinstallController.m in Sources */,
				76FE7DC7104CE48C0067EBC0 /* RealmsConfiguration.m in Sources */,
				76FE7ED0104CF0560067EBC0 /* UNIXReadWrite.c in Sources */,
			);
			runOnlyForDeploymentPostprocessing = 0;
		};
/* End PBXSourcesBuildPhase section */

/* Begin PBXTargetDependency section */
		76FE7DD8104CE4E60067EBC0 /* PBXTargetDependency */ = {
			isa = PBXTargetDependency;
			target = 76FE7DB8104CE4190067EBC0 /* save_new_profile */;
			targetProxy = 76FE7DD7104CE4E60067EBC0 /* PBXContainerItemProxy */;
		};
/* End PBXTargetDependency section */

/* Begin PBXVariantGroup section */
		089C167DFE841241C02AAC07 /* InfoPlist.strings */ = {
			isa = PBXVariantGroup;
			children = (
				089C167EFE841241C02AAC07 /* English */,
			);
			name = InfoPlist.strings;
			sourceTree = "<group>";
		};
/* End PBXVariantGroup section */

/* Begin XCBuildConfiguration section */
		1DEB913B08733D840010E9CD /* Debug */ = {
			isa = XCBuildConfiguration;
			buildSettings = {
				ALWAYS_SEARCH_USER_PATHS = NO;
				ARCHS = "$(ARCHS_STANDARD_32_BIT)";
				COPY_PHASE_STRIP = NO;
				FRAMEWORK_SEARCH_PATHS = (
					"$(inherited)",
					"\"$(SRCROOT)/Frameworks\"",
					"\"$(SRCROOT)/../../adium/build/Development\"",
				);
				GCC_DYNAMIC_NO_PIC = NO;
				GCC_ENABLE_FIX_AND_CONTINUE = YES;
				GCC_MODEL_TUNING = G5;
				GCC_OPTIMIZATION_LEVEL = 0;
				GCC_PRECOMPILE_PREFIX_HEADER = YES;
				GCC_PREFIX_HEADER = AdiumSoul_Prefix.pch;
				INFOPLIST_FILE = Info.plist;
				INSTALL_PATH = "$(HOME)/Library/Bundles";
				PRODUCT_NAME = AdiumSoul;
				SDKROOT = macosx10.5;
				WRAPPER_EXTENSION = AdiumPlugin;
			};
			name = Debug;
		};
		1DEB913C08733D840010E9CD /* Release */ = {
			isa = XCBuildConfiguration;
			buildSettings = {
				ALWAYS_SEARCH_USER_PATHS = NO;
				DEBUG_INFORMATION_FORMAT = "dwarf-with-dsym";
				FRAMEWORK_SEARCH_PATHS = (
					"$(inherited)",
					"\"$(SRCROOT)/Frameworks\"",
					"\"$(SRCROOT)/../../adium/build/Development\"",
				);
				GCC_MODEL_TUNING = G5;
				GCC_PRECOMPILE_PREFIX_HEADER = YES;
				GCC_PREFIX_HEADER = AdiumSoul_Prefix.pch;
				INFOPLIST_FILE = Info.plist;
				INSTALL_PATH = "$(HOME)/Library/Bundles";
				PRODUCT_NAME = AdiumSoul;
				WRAPPER_EXTENSION = AdiumPlugin;
			};
			name = Release;
		};
		1DEB913F08733D840010E9CD /* Debug */ = {
			isa = XCBuildConfiguration;
			buildSettings = {
				ALWAYS_SEARCH_USER_PATHS = NO;
				ARCHS = "$(ARCHS_STANDARD_32_BIT)";
				FRAMEWORK_SEARCH_PATHS = (
					"$(inherited)",
					"\"$(SRCROOT)/Frameworks\"",
				);
				GCC_C_LANGUAGE_STANDARD = "compiler-default";
				GCC_MODEL_TUNING = G5;
				GCC_OPTIMIZATION_LEVEL = s;
				GCC_PRECOMPILE_PREFIX_HEADER = NO;
				GCC_PREFIX_HEADER = "";
				GCC_WARN_ABOUT_RETURN_TYPE = YES;
				GCC_WARN_UNUSED_VARIABLE = YES;
				ONLY_ACTIVE_ARCH = YES;
				OTHER_LDFLAGS = (
					"-undefined",
					dynamic_lookup,
				);
				PREBINDING = NO;
				PRELINK_LIBS = "";
				SDKROOT = macosx10.5;
				WRAPPER_EXTENSION = AdiumPlugin;
			};
			name = Debug;
		};
		1DEB914008733D840010E9CD /* Release */ = {
			isa = XCBuildConfiguration;
			buildSettings = {
				ALWAYS_SEARCH_USER_PATHS = NO;
				ARCHS = "$(ARCHS_STANDARD_32_BIT)";
				FRAMEWORK_SEARCH_PATHS = (
					"$(inherited)",
					"\"$(SRCROOT)/Frameworks\"",
				);
				GCC_C_LANGUAGE_STANDARD = "compiler-default";
				GCC_MODEL_TUNING = G5;
				GCC_PRECOMPILE_PREFIX_HEADER = NO;
				GCC_PREFIX_HEADER = "";
				GCC_WARN_ABOUT_RETURN_TYPE = YES;
				GCC_WARN_UNUSED_VARIABLE = YES;
				OTHER_LDFLAGS = (
					"-undefined",
					dynamic_lookup,
				);
				PREBINDING = NO;
				PRELINK_LIBS = "";
				SDKROOT = macosx10.5;
				WRAPPER_EXTENSION = AdiumPlugin;
			};
			name = Release;
		};
		76FE7DBB104CE41A0067EBC0 /* Debug */ = {
			isa = XCBuildConfiguration;
			buildSettings = {
				ALWAYS_SEARCH_USER_PATHS = NO;
				COPY_PHASE_STRIP = NO;
				GCC_DYNAMIC_NO_PIC = NO;
				GCC_ENABLE_FIX_AND_CONTINUE = YES;
				GCC_MODEL_TUNING = G5;
				GCC_OPTIMIZATION_LEVEL = 0;
				INSTALL_PATH = /usr/local/bin;
				PREBINDING = NO;
				PRODUCT_NAME = save_new_profile;
			};
			name = Debug;
		};
		76FE7DBC104CE41A0067EBC0 /* Release */ = {
			isa = XCBuildConfiguration;
			buildSettings = {
				ALWAYS_SEARCH_USER_PATHS = NO;
				COPY_PHASE_STRIP = YES;
				DEBUG_INFORMATION_FORMAT = "dwarf-with-dsym";
				GCC_ENABLE_FIX_AND_CONTINUE = NO;
				GCC_MODEL_TUNING = G5;
				INSTALL_PATH = /usr/local/bin;
				PREBINDING = NO;
				PRODUCT_NAME = save_new_profile;
				ZERO_LINK = NO;
			};
			name = Release;
		};
/* End XCBuildConfiguration section */

/* Begin XCConfigurationList section */
		1DEB913A08733D840010E9CD /* Build configuration list for PBXNativeTarget "AdiumSoul" */ = {
			isa = XCConfigurationList;
			buildConfigurations = (
				1DEB913B08733D840010E9CD /* Debug */,
				1DEB913C08733D840010E9CD /* Release */,
			);
			defaultConfigurationIsVisible = 0;
			defaultConfigurationName = Release;
		};
		1DEB913E08733D840010E9CD /* Build configuration list for PBXProject "AdiumSoul" */ = {
			isa = XCConfigurationList;
			buildConfigurations = (
				1DEB913F08733D840010E9CD /* Debug */,
				1DEB914008733D840010E9CD /* Release */,
			);
			defaultConfigurationIsVisible = 0;
			defaultConfigurationName = Release;
		};
		76FE7DBD104CE4380067EBC0 /* Build configuration list for PBXNativeTarget "save_new_profile" */ = {
			isa = XCConfigurationList;
			buildConfigurations = (
				76FE7DBB104CE41A0067EBC0 /* Debug */,
				76FE7DBC104CE41A0067EBC0 /* Release */,
			);
			defaultConfigurationIsVisible = 0;
			defaultConfigurationName = Release;
		};
/* End XCConfigurationList section */
	};
	rootObject = 089C1669FE841209C02AAC07 /* Project object */;
}
